
Microsoft Visual Studio Solution File, Format Version 12.00
# Visual Studio 15
VisualStudioVersion = 15.0.28306.52
MinimumVisualStudioVersion = 10.0.40219.1
Project("{FAE04EC0-301F-11D3-BF4B-00C04F79EFBC}") = "POFileManagerService", "POFileManagerService\POFileManagerService.csproj", "{22644CCF-87AC-426A-B9DC-1F1207BDBFCC}"
EndProject
Project("{FAE04EC0-301F-11D3-BF4B-00C04F79EFBC}") = "POFileManagerClient", "POFileManagerClient\POFileManagerClient.csproj", "{82CD5286-AD3D-4537-BB97-CA02E0D786C2}"
EndProject
Project("{FAE04EC0-301F-11D3-BF4B-00C04F79EFBC}") = "POFileManagerUpdater", "POFileManagerUpdater\POFileManagerUpdater.csproj", "{79F2D315-9B68-40D7-BDDF-D6FCB040565B}"
EndProject
Project("{FAE04EC0-301F-11D3-BF4B-00C04F79EFBC}") = "POFileManagerTask", "POFileManagerTask\POFileManagerTask.csproj", "{9654BF96-4DEC-44A6-89D4-7FDD430F6F9E}"
EndProject
Global
	GlobalSection(SolutionConfigurationPlatforms) = preSolution
		Debug|Any CPU = Debug|Any CPU
		Debug|x86 = Debug|x86
		Release|Any CPU = Release|Any CPU
		Release|x86 = Release|x86
	EndGlobalSection
	GlobalSection(ProjectConfigurationPlatforms) = postSolution
		{22644CCF-87AC-426A-B9DC-1F1207BDBFCC}.Debug|Any CPU.ActiveCfg = Debug|Any CPU
		{22644CCF-87AC-426A-B9DC-1F1207BDBFCC}.Debug|Any CPU.Build.0 = Debug|Any CPU
		{22644CCF-87AC-426A-B9DC-1F1207BDBFCC}.Debug|x86.ActiveCfg = Debug|Any CPU
		{22644CCF-87AC-426A-B9DC-1F1207BDBFCC}.Debug|x86.Build.0 = Debug|Any CPU
		{22644CCF-87AC-426A-B9DC-1F1207BDBFCC}.Release|Any CPU.ActiveCfg = Release|Any CPU
		{22644CCF-87AC-426A-B9DC-1F1207BDBFCC}.Release|Any CPU.Build.0 = Release|Any CPU
		{22644CCF-87AC-426A-B9DC-1F1207BDBFCC}.Release|x86.ActiveCfg = Release|Any CPU
		{22644CCF-87AC-426A-B9DC-1F1207BDBFCC}.Release|x86.Build.0 = Release|Any CPU
		{82CD5286-AD3D-4537-BB97-CA02E0D786C2}.Debug|Any CPU.ActiveCfg = Debug|Any CPU
		{82CD5286-AD3D-4537-BB97-CA02E0D786C2}.Debug|Any CPU.Build.0 = Debug|Any CPU
		{82CD5286-AD3D-4537-BB97-CA02E0D786C2}.Debug|x86.ActiveCfg = Debug|Any CPU
		{82CD5286-AD3D-4537-BB97-CA02E0D786C2}.Debug|x86.Build.0 = Debug|Any CPU
		{82CD5286-AD3D-4537-BB97-CA02E0D786C2}.Release|Any CPU.ActiveCfg = Release|Any CPU
		{82CD5286-AD3D-4537-BB97-CA02E0D786C2}.Release|Any CPU.Build.0 = Release|Any CPU
		{82CD5286-AD3D-4537-BB97-CA02E0D786C2}.Release|x86.ActiveCfg = Release|Any CPU
		{82CD5286-AD3D-4537-BB97-CA02E0D786C2}.Release|x86.Build.0 = Release|Any CPU
		{79F2D315-9B68-40D7-BDDF-D6FCB040565B}.Debug|Any CPU.ActiveCfg = Debug|Any CPU
		{79F2D315-9B68-40D7-BDDF-D6FCB040565B}.Debug|Any CPU.Build.0 = Debug|Any CPU
		{79F2D315-9B68-40D7-BDDF-D6FCB040565B}.Debug|x86.ActiveCfg = Debug|Any CPU
		{79F2D315-9B68-40D7-BDDF-D6FCB040565B}.Debug|x86.Build.0 = Debug|Any CPU
		{79F2D315-9B68-40D7-BDDF-D6FCB040565B}.Release|Any CPU.ActiveCfg = Release|Any CPU
		{79F2D315-9B68-40D7-BDDF-D6FCB040565B}.Release|Any CPU.Build.0 = Release|Any CPU
		{79F2D315-9B68-40D7-BDDF-D6FCB040565B}.Release|x86.ActiveCfg = Release|Any CPU
		{79F2D315-9B68-40D7-BDDF-D6FCB040565B}.Release|x86.Build.0 = Release|Any CPU
		{9654BF96-4DEC-44A6-89D4-7FDD430F6F9E}.Debug|Any CPU.ActiveCfg = Debug|Any CPU
		{9654BF96-4DEC-44A6-89D4-7FDD430F6F9E}.Debug|Any CPU.Build.0 = Debug|Any CPU
		{9654BF96-4DEC-44A6-89D4-7FDD430F6F9E}.Debug|x86.ActiveCfg = Debug|Any CPU
		{9654BF96-4DEC-44A6-89D4-7FDD430F6F9E}.Debug|x86.Build.0 = Debug|Any CPU
		{9654BF96-4DEC-44A6-89D4-7FDD430F6F9E}.Release|Any CPU.ActiveCfg = Release|Any CPU
		{9654BF96-4DEC-44A6-89D4-7FDD430F6F9E}.Release|Any CPU.Build.0 = Release|Any CPU
		{9654BF96-4DEC-44A6-89D4-7FDD430F6F9E}.Release|x86.ActiveCfg = Release|Any CPU
		{9654BF96-4DEC-44A6-89D4-7FDD430F6F9E}.Release|x86.Build.0 = Release|Any CPU
	EndGlobalSection
	GlobalSection(SolutionProperties) = preSolution
		HideSolutionNode = FALSE
	EndGlobalSection
	GlobalSection(ExtensibilityGlobals) = postSolution
		SolutionGuid = {C206723F-B8BE-4C1A-805F-142500EA2E21}
	EndGlobalSection
	GlobalSection(Performance) = preSolution
		HasPerformanceSessions = true
	EndGlobalSection
EndGlobal
